# This file is autogenerated, do not edit; changes may be undone by the next 'dep ensure'.


[[projects]]
  digest = "1:8515c0ca4381246cf332cee05fc84070bbbb07bd679b639161506ba532f47128"
  name = "github.com/VividCortex/gohistogram"
  packages = ["."]
  pruneopts = "UT"
  revision = "51564d9861991fb0ad0f531c99ef602d0f9866e6"
  version = "v1.0.0"

[[projects]]
  digest = "1:43a7dd5107a5cbda1f5fe82c27e31974407a102a5840db527a0a4c4befc85d6e"
  name = "github.com/aws/aws-sdk-go"
  packages = [
    "aws",
    "aws/awserr",
    "aws/awsutil",
    "aws/client/metadata",
    "aws/credentials",
    "aws/endpoints",
    "aws/request",
    "aws/signer/v4",
    "internal/ini",
    "internal/sdkio",
    "internal/shareddefaults",
    "private/protocol",
    "private/protocol/rest",
  ]
  pruneopts = "UT"
  revision = "b0b59fd2ceb03908e5d3bcd1449b46ce75508f4b"
  version = "v1.20.7"

[[projects]]
  digest = "1:547f5df5f708c880f0af507317c8d022b8d62053a5cb075e23c6eeed09eb2e4e"
  name = "github.com/fortytw2/leaktest"
  packages = ["."]
  pruneopts = "UT"
  revision = "9a23578d06a26ec1b47bfc8965bf5e7011df8bd6"
  version = "v1.3.0"

[[projects]]
  digest = "1:c598a8cefc266a1a0dae50314298326532768ab07b9e6a1b0cd4b26c5a9cf299"
  name = "github.com/go-kit/kit"
  packages = [
    "metrics",
    "metrics/expvar",
    "metrics/generic",
    "metrics/internal/lv",
  ]
  pruneopts = "UT"
  revision = "a9ca6725cbbea455e61c6bc8a1ed28e81eb3493b"
  version = "v0.5.0"

[[projects]]
  digest = "1:bf40199583e5143d1472fc34d10d6f4b69d97572142acf343b3e43136da40823"
  name = "github.com/google/go-cmp"
  packages = [
    "cmp",
    "cmp/internal/diff",
    "cmp/internal/flags",
    "cmp/internal/function",
    "cmp/internal/value",
  ]
  pruneopts = "UT"
  revision = "6f77996f0c42f7b84e5a2b252227263f93432e9b"
  version = "v0.3.0"

[[projects]]
  digest = "1:582b704bebaa06b48c29b0cec224a6058a09c86883aaddabde889cd1a5f73e1b"
  name = "github.com/google/uuid"
  packages = ["."]
  pruneopts = "UT"
  revision = "0cd6bf5da1e1c83f8b45653022c74f71af0538a4"
  version = "v1.1.1"

[[projects]]
  digest = "1:67474f760e9ac3799f740db2c489e6423a4cde45520673ec123ac831ad849cb8"
  name = "github.com/hashicorp/golang-lru"
  packages = ["simplelru"]
  pruneopts = "UT"
  revision = "7087cb70de9f7a8bc0a10c375cb0d2280a8edf9c"
  version = "v0.5.1"

[[projects]]
  digest = "1:bb81097a5b62634f3e9fec1014657855610c82d19b9a40c17612e32651e35dca"
  name = "github.com/jmespath/go-jmespath"
  packages = ["."]
  pruneopts = "UT"
  revision = "c2b33e84"

[[projects]]
  branch = "master"
  digest = "1:da0ba0ef81aa74725eae889e476ea9f07ea9b6acb697d0ae296a6824af8c3fc8"
  name = "github.com/mailru/easyjson"
  packages = [
    ".",
    "buffer",
    "jlexer",
    "jwriter",
  ]
  pruneopts = "UT"
  revision = "da37f6c1e4819c2ed4be6542856f9c0f0560348d"

[[projects]]
  digest = "1:85e6fab37d21d4ed23fa029b7a8c77c03d3f0bcf231663bef1ed4639cdd019b6"
  name = "github.com/olivere/env"
  packages = ["."]
  pruneopts = "UT"
  revision = "567958a701e626c743ff3e581f9fdc6582d7b090"
  version = "v1.1.0"

[[projects]]
  digest = "1:c2024d8533dc702a6ef5c92d5cf1494858eff4484d8abbf794f21acd29e7ef70"
  name = "github.com/opentracing/opentracing-go"
  packages = [
    ".",
    "ext",
    "log",
    "mocktracer",
  ]
  pruneopts = "UT"
  revision = "659c90643e714681897ec2521c60567dd21da733"
  version = "v1.1.0"

[[projects]]
  digest = "1:cf31692c14422fa27c83a05292eb5cbe0fb2775972e8f1f8446a71549bd8980b"
  name = "github.com/pkg/errors"
  packages = ["."]
  pruneopts = "UT"
  revision = "ba968bfe8b2f7e042a574c888954fccecfa385b4"
  version = "v0.8.1"

[[projects]]
  digest = "1:05ad719dddba9f454a7e1426a03eec6d35a483b3a4d3c2626bf153ba20301610"
  name = "github.com/smartystreets/go-aws-auth"
  packages = ["."]
  pruneopts = "UT"
  revision = "8ef1316913ee4f44bc48c2456e44a5c1c68ea53b"
  version = "1.0.0"

[[projects]]
  digest = "1:3b0ac1ac6f703e6d43f4e29c97da2c9e34465c66e2e19f9828e9841d1c9279a4"
  name = "github.com/uber/jaeger-client-go"
  packages = [
    ".",
    "config",
    "internal/baggage",
    "internal/baggage/remote",
    "internal/spanlog",
    "internal/throttler",
    "internal/throttler/remote",
    "log",
    "rpcmetrics",
    "thrift",
    "thrift-gen/agent",
    "thrift-gen/baggage",
    "thrift-gen/jaeger",
    "thrift-gen/sampling",
    "thrift-gen/zipkincore",
    "transport",
    "utils",
  ]
  pruneopts = "UT"
  revision = "2f47546e3facd43297739439600bcf43f44cce5d"
  version = "v2.16.0"

[[projects]]
  digest = "1:8d41bda9efcf40475953532c0db3486e6784f1ee6053e79849024a956ee3beeb"
  name = "github.com/uber/jaeger-lib"
  packages = [
    "metrics",
    "metrics/adapters",
    "metrics/expvar",
    "metrics/go-kit",
    "metrics/go-kit/expvar",
  ]
  pruneopts = "UT"
  revision = "0e30338a695636fe5bcf7301e8030ce8dd2a8530"
  version = "v2.0.0"

[[projects]]
  digest = "1:556be1f91ad1230445813f3f2daf752d6a07fc7577ab736beffabd308bf4a92d"
  name = "go.opencensus.io"
  packages = [
    ".",
    "internal",
    "trace",
    "trace/internal",
    "trace/tracestate",
  ]
  pruneopts = "UT"
  revision = "9c377598961b706d1542bd2d84d538b5094d596e"
  version = "v0.22.0"

[[projects]]
  branch = "master"
  digest = "1:b521f10a2d8fa85c04a8ef4e62f2d1e14d303599a55d64dabf9f5a02f84d35eb"
  name = "golang.org/x/sync"
  packages = ["errgroup"]
  pruneopts = "UT"
  revision = "112230192c580c3556b8cee6403af37a4fc5f28c"

[solve-meta]
  analyzer-name = "dep"
  analyzer-version = 1
  input-imports = [
    "github.com/aws/aws-sdk-go/aws/credentials",
    "github.com/aws/aws-sdk-go/aws/signer/v4",
    "github.com/fortytw2/leaktest",
    "github.com/google/go-cmp/cmp",
    "github.com/google/uuid",
    "github.com/mailru/easyjson",
    "github.com/mailru/easyjson/jlexer",
    "github.com/mailru/easyjson/jwriter",
    "github.com/olivere/env",
    "github.com/opentracing/opentracing-go",
    "github.com/opentracing/opentracing-go/ext",
    "github.com/opentracing/opentracing-go/mocktracer",
    "github.com/pkg/errors",
    "github.com/smartystreets/go-aws-auth",
    "github.com/uber/jaeger-client-go/config",
    "github.com/uber/jaeger-client-go/log",
    "github.com/uber/jaeger-lib/metrics/expvar",
    "go.opencensus.io/trace",
    "golang.org/x/sync/errgroup",
  ]
  solver-name = "gps-cdcl"
  solver-version = 1
